packages:
  - name: dbt_utils
    package: dbt-labs/dbt_utils
    version: 1.3.3
  - name: codegen
    package: dbt-labs/codegen
    version: 0.14.0
  - name: audit_helper
    package: dbt-labs/audit_helper
    version: 0.12.2
  - name: elementary
    package: elementary-data/elementary
    version: 0.21.0
sha1_hash: 2678f9046a742d5a0cc21faa52df2845a305db8d
